
Microsoft Visual Studio Solution File, Format Version 11.00
# Visual Studio 2010
Project("{E24C65DC-7377-472B-9ABA-BC803B73C61A}") = "Web", "Web\", "{E672542C-D1F3-4D87-B68F-1CD421381668}"
	ProjectSection(WebsiteProperties) = preProject
		TargetFrameworkMoniker = ".NETFramework,Version%3Dv4.0"
		ProjectReferences = "{B63398DF-8B0D-4BF6-AD17-71003F9BFC13}|NLibrary.dll;{5F8D1640-EA2F-4E84-BF40-922ED389D3AF}|NBiz.dll;{FED9E70E-AB59-4987-A7B1-0BAF8BE78951}|NDAL.dll;{B3CE5460-8541-4CF5-9708-8E8D85FDF4C2}|NModel.dll;"
		Debug.AspNetCompiler.VirtualPath = "/Web"
		Debug.AspNetCompiler.PhysicalPath = "Web\"
		Debug.AspNetCompiler.TargetPath = "PrecompiledWeb\Web\"
		Debug.AspNetCompiler.Updateable = "true"
		Debug.AspNetCompiler.ForceOverwrite = "true"
		Debug.AspNetCompiler.FixedNames = "false"
		Debug.AspNetCompiler.Debug = "True"
		Release.AspNetCompiler.VirtualPath = "/Web"
		Release.AspNetCompiler.PhysicalPath = "Web\"
		Release.AspNetCompiler.TargetPath = "PrecompiledWeb\Web\"
		Release.AspNetCompiler.Updateable = "true"
		Release.AspNetCompiler.ForceOverwrite = "true"
		Release.AspNetCompiler.FixedNames = "false"
		Release.AspNetCompiler.Debug = "False"
		VWDPort = "11592"
		VWDVirtualPath = "/"
		DefaultWebSiteLanguage = "Visual C#"
	EndProjectSection
EndProject
Project("{FAE04EC0-301F-11D3-BF4B-00C04F79EFBC}") = "NBiz", "NBiz\NBiz.csproj", "{5F8D1640-EA2F-4E84-BF40-922ED389D3AF}"
EndProject
Project("{FAE04EC0-301F-11D3-BF4B-00C04F79EFBC}") = "NModel", "NModel\NModel.csproj", "{B3CE5460-8541-4CF5-9708-8E8D85FDF4C2}"
EndProject
Project("{FAE04EC0-301F-11D3-BF4B-00C04F79EFBC}") = "NDAL", "NDAL\NDAL.csproj", "{FED9E70E-AB59-4987-A7B1-0BAF8BE78951}"
EndProject
Project("{FAE04EC0-301F-11D3-BF4B-00C04F79EFBC}") = "NLibrary", "NLibrary\NLibrary.csproj", "{B63398DF-8B0D-4BF6-AD17-71003F9BFC13}"
EndProject
Project("{FAE04EC0-301F-11D3-BF4B-00C04F79EFBC}") = "NTest", "NTest\NTest.csproj", "{066391FF-A4C9-45E6-888A-A2028B214E00}"
EndProject
Project("{FAE04EC0-301F-11D3-BF4B-00C04F79EFBC}") = "Tools", "Tools\Tools.csproj", "{890BCD8A-B2DB-4DCD-8ED6-E2426B1F95E9}"
EndProject
Project("{2150E333-8FDC-42A3-9474-1A3956D46DE8}") = "docs", "docs", "{2CF8815D-7D5B-484C-B814-2C5289533EAA}"
	ProjectSection(SolutionItems) = preProject
		docs\Category新旧编码对照.sql = docs\Category新旧编码对照.sql
		docs\ERP供应商导出脚本.sql = docs\ERP供应商导出脚本.sql
		docs\erp帐套单据数据清理脚本.sql = docs\erp帐套单据数据清理脚本.sql
		somescripts.sql = somescripts.sql
		docs\东南亚产品导入.sql = docs\东南亚产品导入.sql
		docs\东南亚数据导入--新旧编码对照.sql = docs\东南亚数据导入--新旧编码对照.sql
		docs\删除产品.txt = docs\删除产品.txt
		docs\替换型号里的特殊字符.sql = docs\替换型号里的特殊字符.sql
		docs\物料导出脚本_主干.sql = docs\物料导出脚本_主干.sql
		docs\画册对应的Exel公式和SQl.txt = docs\画册对应的Exel公式和SQl.txt
		docs\网站分类对应表.txt = docs\网站分类对应表.txt
		docs\网站数据导入.sql = docs\网站数据导入.sql
	EndProjectSection
EndProject
Project("{E24C65DC-7377-472B-9ABA-BC803B73C61A}") = "AdminWeb", "AdminWeb\", "{F0D63C45-1598-422C-9EF6-FD78E66DCC4C}"
	ProjectSection(WebsiteProperties) = preProject
		TargetFrameworkMoniker = ".NETFramework,Version%3Dv4.0"
		ProjectReferences = "{5F8D1640-EA2F-4E84-BF40-922ED389D3AF}|NBiz.dll;{B63398DF-8B0D-4BF6-AD17-71003F9BFC13}|NLibrary.dll;{B3CE5460-8541-4CF5-9708-8E8D85FDF4C2}|NModel.dll;{FED9E70E-AB59-4987-A7B1-0BAF8BE78951}|NDAL.dll;"
		Debug.AspNetCompiler.VirtualPath = "/AdminWeb"
		Debug.AspNetCompiler.PhysicalPath = "AdminWeb\"
		Debug.AspNetCompiler.TargetPath = "PrecompiledWeb\AdminWeb\"
		Debug.AspNetCompiler.Updateable = "true"
		Debug.AspNetCompiler.ForceOverwrite = "true"
		Debug.AspNetCompiler.FixedNames = "false"
		Debug.AspNetCompiler.Debug = "True"
		Release.AspNetCompiler.VirtualPath = "/AdminWeb"
		Release.AspNetCompiler.PhysicalPath = "AdminWeb\"
		Release.AspNetCompiler.TargetPath = "PrecompiledWeb\AdminWeb\"
		Release.AspNetCompiler.Updateable = "true"
		Release.AspNetCompiler.ForceOverwrite = "true"
		Release.AspNetCompiler.FixedNames = "false"
		Release.AspNetCompiler.Debug = "False"
		VWDPort = "2596"
		VWDVirtualPath = "/"
		DefaultWebSiteLanguage = "Visual C#"
	EndProjectSection
EndProject
Global
	GlobalSection(SolutionConfigurationPlatforms) = preSolution
		Debug|Any CPU = Debug|Any CPU
		Debug|Mixed Platforms = Debug|Mixed Platforms
		Debug|x86 = Debug|x86
		Release|Any CPU = Release|Any CPU
		Release|Mixed Platforms = Release|Mixed Platforms
		Release|x86 = Release|x86
	EndGlobalSection
	GlobalSection(ProjectConfigurationPlatforms) = postSolution
		{E672542C-D1F3-4D87-B68F-1CD421381668}.Debug|Any CPU.ActiveCfg = Debug|Any CPU
		{E672542C-D1F3-4D87-B68F-1CD421381668}.Debug|Any CPU.Build.0 = Debug|Any CPU
		{E672542C-D1F3-4D87-B68F-1CD421381668}.Debug|Mixed Platforms.ActiveCfg = Debug|Any CPU
		{E672542C-D1F3-4D87-B68F-1CD421381668}.Debug|Mixed Platforms.Build.0 = Debug|Any CPU
		{E672542C-D1F3-4D87-B68F-1CD421381668}.Debug|x86.ActiveCfg = Debug|Any CPU
		{E672542C-D1F3-4D87-B68F-1CD421381668}.Release|Any CPU.ActiveCfg = Debug|Any CPU
		{E672542C-D1F3-4D87-B68F-1CD421381668}.Release|Any CPU.Build.0 = Debug|Any CPU
		{E672542C-D1F3-4D87-B68F-1CD421381668}.Release|Mixed Platforms.ActiveCfg = Debug|Any CPU
		{E672542C-D1F3-4D87-B68F-1CD421381668}.Release|Mixed Platforms.Build.0 = Debug|Any CPU
		{E672542C-D1F3-4D87-B68F-1CD421381668}.Release|x86.ActiveCfg = Debug|Any CPU
		{5F8D1640-EA2F-4E84-BF40-922ED389D3AF}.Debug|Any CPU.ActiveCfg = Debug|Any CPU
		{5F8D1640-EA2F-4E84-BF40-922ED389D3AF}.Debug|Any CPU.Build.0 = Debug|Any CPU
		{5F8D1640-EA2F-4E84-BF40-922ED389D3AF}.Debug|Mixed Platforms.ActiveCfg = Debug|Any CPU
		{5F8D1640-EA2F-4E84-BF40-922ED389D3AF}.Debug|Mixed Platforms.Build.0 = Debug|Any CPU
		{5F8D1640-EA2F-4E84-BF40-922ED389D3AF}.Debug|x86.ActiveCfg = Debug|Any CPU
		{5F8D1640-EA2F-4E84-BF40-922ED389D3AF}.Release|Any CPU.ActiveCfg = Release|Any CPU
		{5F8D1640-EA2F-4E84-BF40-922ED389D3AF}.Release|Any CPU.Build.0 = Release|Any CPU
		{5F8D1640-EA2F-4E84-BF40-922ED389D3AF}.Release|Mixed Platforms.ActiveCfg = Release|Any CPU
		{5F8D1640-EA2F-4E84-BF40-922ED389D3AF}.Release|Mixed Platforms.Build.0 = Release|Any CPU
		{5F8D1640-EA2F-4E84-BF40-922ED389D3AF}.Release|x86.ActiveCfg = Release|Any CPU
		{B3CE5460-8541-4CF5-9708-8E8D85FDF4C2}.Debug|Any CPU.ActiveCfg = Debug|Any CPU
		{B3CE5460-8541-4CF5-9708-8E8D85FDF4C2}.Debug|Any CPU.Build.0 = Debug|Any CPU
		{B3CE5460-8541-4CF5-9708-8E8D85FDF4C2}.Debug|Mixed Platforms.ActiveCfg = Debug|Any CPU
		{B3CE5460-8541-4CF5-9708-8E8D85FDF4C2}.Debug|Mixed Platforms.Build.0 = Debug|Any CPU
		{B3CE5460-8541-4CF5-9708-8E8D85FDF4C2}.Debug|x86.ActiveCfg = Debug|Any CPU
		{B3CE5460-8541-4CF5-9708-8E8D85FDF4C2}.Release|Any CPU.ActiveCfg = Release|Any CPU
		{B3CE5460-8541-4CF5-9708-8E8D85FDF4C2}.Release|Any CPU.Build.0 = Release|Any CPU
		{B3CE5460-8541-4CF5-9708-8E8D85FDF4C2}.Release|Mixed Platforms.ActiveCfg = Release|Any CPU
		{B3CE5460-8541-4CF5-9708-8E8D85FDF4C2}.Release|Mixed Platforms.Build.0 = Release|Any CPU
		{B3CE5460-8541-4CF5-9708-8E8D85FDF4C2}.Release|x86.ActiveCfg = Release|Any CPU
		{FED9E70E-AB59-4987-A7B1-0BAF8BE78951}.Debug|Any CPU.ActiveCfg = Debug|Any CPU
		{FED9E70E-AB59-4987-A7B1-0BAF8BE78951}.Debug|Any CPU.Build.0 = Debug|Any CPU
		{FED9E70E-AB59-4987-A7B1-0BAF8BE78951}.Debug|Mixed Platforms.ActiveCfg = Debug|Any CPU
		{FED9E70E-AB59-4987-A7B1-0BAF8BE78951}.Debug|Mixed Platforms.Build.0 = Debug|Any CPU
		{FED9E70E-AB59-4987-A7B1-0BAF8BE78951}.Debug|x86.ActiveCfg = Debug|Any CPU
		{FED9E70E-AB59-4987-A7B1-0BAF8BE78951}.Release|Any CPU.ActiveCfg = Release|Any CPU
		{FED9E70E-AB59-4987-A7B1-0BAF8BE78951}.Release|Any CPU.Build.0 = Release|Any CPU
		{FED9E70E-AB59-4987-A7B1-0BAF8BE78951}.Release|Mixed Platforms.ActiveCfg = Release|Any CPU
		{FED9E70E-AB59-4987-A7B1-0BAF8BE78951}.Release|Mixed Platforms.Build.0 = Release|Any CPU
		{FED9E70E-AB59-4987-A7B1-0BAF8BE78951}.Release|x86.ActiveCfg = Release|Any CPU
		{B63398DF-8B0D-4BF6-AD17-71003F9BFC13}.Debug|Any CPU.ActiveCfg = Debug|Any CPU
		{B63398DF-8B0D-4BF6-AD17-71003F9BFC13}.Debug|Any CPU.Build.0 = Debug|Any CPU
		{B63398DF-8B0D-4BF6-AD17-71003F9BFC13}.Debug|Mixed Platforms.ActiveCfg = Debug|Any CPU
		{B63398DF-8B0D-4BF6-AD17-71003F9BFC13}.Debug|Mixed Platforms.Build.0 = Debug|Any CPU
		{B63398DF-8B0D-4BF6-AD17-71003F9BFC13}.Debug|x86.ActiveCfg = Debug|Any CPU
		{B63398DF-8B0D-4BF6-AD17-71003F9BFC13}.Release|Any CPU.ActiveCfg = Release|Any CPU
		{B63398DF-8B0D-4BF6-AD17-71003F9BFC13}.Release|Any CPU.Build.0 = Release|Any CPU
		{B63398DF-8B0D-4BF6-AD17-71003F9BFC13}.Release|Mixed Platforms.ActiveCfg = Release|Any CPU
		{B63398DF-8B0D-4BF6-AD17-71003F9BFC13}.Release|Mixed Platforms.Build.0 = Release|Any CPU
		{B63398DF-8B0D-4BF6-AD17-71003F9BFC13}.Release|x86.ActiveCfg = Release|Any CPU
		{066391FF-A4C9-45E6-888A-A2028B214E00}.Debug|Any CPU.ActiveCfg = Debug|Any CPU
		{066391FF-A4C9-45E6-888A-A2028B214E00}.Debug|Any CPU.Build.0 = Debug|Any CPU
		{066391FF-A4C9-45E6-888A-A2028B214E00}.Debug|Mixed Platforms.ActiveCfg = Debug|Any CPU
		{066391FF-A4C9-45E6-888A-A2028B214E00}.Debug|Mixed Platforms.Build.0 = Debug|Any CPU
		{066391FF-A4C9-45E6-888A-A2028B214E00}.Debug|x86.ActiveCfg = Debug|Any CPU
		{066391FF-A4C9-45E6-888A-A2028B214E00}.Release|Any CPU.ActiveCfg = Release|Any CPU
		{066391FF-A4C9-45E6-888A-A2028B214E00}.Release|Any CPU.Build.0 = Release|Any CPU
		{066391FF-A4C9-45E6-888A-A2028B214E00}.Release|Mixed Platforms.ActiveCfg = Release|Any CPU
		{066391FF-A4C9-45E6-888A-A2028B214E00}.Release|Mixed Platforms.Build.0 = Release|Any CPU
		{066391FF-A4C9-45E6-888A-A2028B214E00}.Release|x86.ActiveCfg = Release|Any CPU
		{890BCD8A-B2DB-4DCD-8ED6-E2426B1F95E9}.Debug|Any CPU.ActiveCfg = Debug|x86
		{890BCD8A-B2DB-4DCD-8ED6-E2426B1F95E9}.Debug|Mixed Platforms.ActiveCfg = Debug|x86
		{890BCD8A-B2DB-4DCD-8ED6-E2426B1F95E9}.Debug|Mixed Platforms.Build.0 = Debug|x86
		{890BCD8A-B2DB-4DCD-8ED6-E2426B1F95E9}.Debug|x86.ActiveCfg = Debug|x86
		{890BCD8A-B2DB-4DCD-8ED6-E2426B1F95E9}.Debug|x86.Build.0 = Debug|x86
		{890BCD8A-B2DB-4DCD-8ED6-E2426B1F95E9}.Release|Any CPU.ActiveCfg = Release|x86
		{890BCD8A-B2DB-4DCD-8ED6-E2426B1F95E9}.Release|Mixed Platforms.ActiveCfg = Release|x86
		{890BCD8A-B2DB-4DCD-8ED6-E2426B1F95E9}.Release|Mixed Platforms.Build.0 = Release|x86
		{890BCD8A-B2DB-4DCD-8ED6-E2426B1F95E9}.Release|x86.ActiveCfg = Release|x86
		{890BCD8A-B2DB-4DCD-8ED6-E2426B1F95E9}.Release|x86.Build.0 = Release|x86
		{F0D63C45-1598-422C-9EF6-FD78E66DCC4C}.Debug|Any CPU.ActiveCfg = Debug|Any CPU
		{F0D63C45-1598-422C-9EF6-FD78E66DCC4C}.Debug|Any CPU.Build.0 = Debug|Any CPU
		{F0D63C45-1598-422C-9EF6-FD78E66DCC4C}.Debug|Mixed Platforms.ActiveCfg = Debug|Any CPU
		{F0D63C45-1598-422C-9EF6-FD78E66DCC4C}.Debug|Mixed Platforms.Build.0 = Debug|Any CPU
		{F0D63C45-1598-422C-9EF6-FD78E66DCC4C}.Debug|x86.ActiveCfg = Debug|Any CPU
		{F0D63C45-1598-422C-9EF6-FD78E66DCC4C}.Release|Any CPU.ActiveCfg = Debug|Any CPU
		{F0D63C45-1598-422C-9EF6-FD78E66DCC4C}.Release|Any CPU.Build.0 = Debug|Any CPU
		{F0D63C45-1598-422C-9EF6-FD78E66DCC4C}.Release|Mixed Platforms.ActiveCfg = Debug|Any CPU
		{F0D63C45-1598-422C-9EF6-FD78E66DCC4C}.Release|Mixed Platforms.Build.0 = Debug|Any CPU
		{F0D63C45-1598-422C-9EF6-FD78E66DCC4C}.Release|x86.ActiveCfg = Debug|Any CPU
	EndGlobalSection
	GlobalSection(SolutionProperties) = preSolution
		HideSolutionNode = FALSE
	EndGlobalSection
EndGlobal
